
Microsoft Visual Studio Solution File, Format Version 12.00
# Visual Studio Version 16
VisualStudioVersion = 16.0.30523.141
MinimumVisualStudioVersion = 10.0.40219.1
Project("{FAE04EC0-301F-11D3-BF4B-00C04F79EFBC}") = "Non-genericcolletioneg", "Non-genericcolletioneg\Non-genericcolletioneg.csproj", "{D3E50441-C3EA-4BE0-BEE5-614721F7315F}"
EndProject
Project("{FAE04EC0-301F-11D3-BF4B-00C04F79EFBC}") = "Collectiongenerics", "Collectiongenerics\Collectiongenerics.csproj", "{6257F76B-44C2-44BA-A8EE-C9E7E703BEBC}"
EndProject
Project("{FAE04EC0-301F-11D3-BF4B-00C04F79EFBC}") = "CallDLLeg", "CallDLLeg\CallDLLeg.csproj", "{D520EAB2-55C2-4F23-930F-8CE908B251C7}"
EndProject
Global
	GlobalSection(SolutionConfigurationPlatforms) = preSolution
		Debug|Any CPU = Debug|Any CPU
		Release|Any CPU = Release|Any CPU
	EndGlobalSection
	GlobalSection(ProjectConfigurationPlatforms) = postSolution
		{D3E50441-C3EA-4BE0-BEE5-614721F7315F}.Debug|Any CPU.ActiveCfg = Debug|Any CPU
		{D3E50441-C3EA-4BE0-BEE5-614721F7315F}.Debug|Any CPU.Build.0 = Debug|Any CPU
		{D3E50441-C3EA-4BE0-BEE5-614721F7315F}.Release|Any CPU.ActiveCfg = Release|Any CPU
		{D3E50441-C3EA-4BE0-BEE5-614721F7315F}.Release|Any CPU.Build.0 = Release|Any CPU
		{6257F76B-44C2-44BA-A8EE-C9E7E703BEBC}.Debug|Any CPU.ActiveCfg = Debug|Any CPU
		{6257F76B-44C2-44BA-A8EE-C9E7E703BEBC}.Debug|Any CPU.Build.0 = Debug|Any CPU
		{6257F76B-44C2-44BA-A8EE-C9E7E703BEBC}.Release|Any CPU.ActiveCfg = Release|Any CPU
		{6257F76B-44C2-44BA-A8EE-C9E7E703BEBC}.Release|Any CPU.Build.0 = Release|Any CPU
		{D520EAB2-55C2-4F23-930F-8CE908B251C7}.Debug|Any CPU.ActiveCfg = Debug|Any CPU
		{D520EAB2-55C2-4F23-930F-8CE908B251C7}.Debug|Any CPU.Build.0 = Debug|Any CPU
		{D520EAB2-55C2-4F23-930F-8CE908B251C7}.Release|Any CPU.ActiveCfg = Release|Any CPU
		{D520EAB2-55C2-4F23-930F-8CE908B251C7}.Release|Any CPU.Build.0 = Release|Any CPU
	EndGlobalSection
	GlobalSection(SolutionProperties) = preSolution
		HideSolutionNode = FALSE
	EndGlobalSection
	GlobalSection(ExtensibilityGlobals) = postSolution
		SolutionGuid = {39B25D43-63E4-45A5-B1F8-50D185E2C9E4}
	EndGlobalSection
EndGlobal
